// !$*UTF8*$!
{
	archiveVersion = 1;
	classes = {
	};
	objectVersion = 56;
	objects = {

/* Begin PBXBuildFile section */
		5DC7DE612EE91862002C6D94 /* unisizeSDK in Frameworks */ = {isa = PBXBuildFile; productRef = 5DC7DE602EE91862002C6D94 /* unisizeSDK */; };
		B6B030892C2CF37700BDEC48 /* AppDelegate.m in Sources */ = {isa = PBXBuildFile; fileRef = B6B030882C2CF37700BDEC48 /* AppDelegate.m */; };
		B6B0308C2C2CF37700BDEC48 /* SceneDelegate.m in Sources */ = {isa = PBXBuildFile; fileRef = B6B0308B2C2CF37700BDEC48 /* SceneDelegate.m */; };
		B6B0308F2C2CF37700BDEC48 /* ViewController.m in Sources */ = {isa = PBXBuildFile; fileRef = B6B0308E2C2CF37700BDEC48 /* ViewController.m */; };
		B6B030922C2CF37700BDEC48 /* Base in Resources */ = {isa = PBXBuildFile; fileRef = B6B030912C2CF37700BDEC48 /* Base */; };
		B6B030942C2CF37B00BDEC48 /* Assets.xcassets in Resources */ = {isa = PBXBuildFile; fileRef = B6B030932C2CF37B00BDEC48 /* Assets.xcassets */; };
		B6B030972C2CF37B00BDEC48 /* Base in Resources */ = {isa = PBXBuildFile; fileRef = B6B030962C2CF37B00BDEC48 /* Base */; };
		B6B0309A2C2CF37B00BDEC48 /* main.m in Sources */ = {isa = PBXBuildFile; fileRef = B6B030992C2CF37B00BDEC48 /* main.m */; };
		B6B030C32C2CFBA500BDEC48 /* SubViewController.m in Sources */ = {isa = PBXBuildFile; fileRef = B6B030C22C2CFBA500BDEC48 /* SubViewController.m */; };
/* End PBXBuildFile section */

/* Begin PBXCopyFilesBuildPhase section */
		B68438F32C479FC90027105C /* Embed Frameworks */ = {
			isa = PBXCopyFilesBuildPhase;
			buildActionMask = 2147483647;
			dstPath = "";
			dstSubfolderSpec = 10;
			files = (
			);
			name = "Embed Frameworks";
			runOnlyForDeploymentPostprocessing = 0;
		};
/* End PBXCopyFilesBuildPhase section */

/* Begin PBXFileReference section */
		B6B030842C2CF37700BDEC48 /* unisizeSDK Sample App ObjectiveC.app */ = {isa = PBXFileReference; explicitFileType = wrapper.application; includeInIndex = 0; path = "unisizeSDK Sample App ObjectiveC.app"; sourceTree = BUILT_PRODUCTS_DIR; };
		B6B030872C2CF37700BDEC48 /* AppDelegate.h */ = {isa = PBXFileReference; lastKnownFileType = sourcecode.c.h; path = AppDelegate.h; sourceTree = "<group>"; };
		B6B030882C2CF37700BDEC48 /* AppDelegate.m */ = {isa = PBXFileReference; lastKnownFileType = sourcecode.c.objc; path = AppDelegate.m; sourceTree = "<group>"; };
		B6B0308A2C2CF37700BDEC48 /* SceneDelegate.h */ = {isa = PBXFileReference; lastKnownFileType = sourcecode.c.h; path = SceneDelegate.h; sourceTree = "<group>"; };
		B6B0308B2C2CF37700BDEC48 /* SceneDelegate.m */ = {isa = PBXFileReference; lastKnownFileType = sourcecode.c.objc; path = SceneDelegate.m; sourceTree = "<group>"; };
		B6B0308D2C2CF37700BDEC48 /* ViewController.h */ = {isa = PBXFileReference; lastKnownFileType = sourcecode.c.h; path = ViewController.h; sourceTree = "<group>"; };
		B6B0308E2C2CF37700BDEC48 /* ViewController.m */ = {isa = PBXFileReference; lastKnownFileType = sourcecode.c.objc; path = ViewController.m; sourceTree = "<group>"; };
		B6B030912C2CF37700BDEC48 /* Base */ = {isa = PBXFileReference; lastKnownFileType = file.storyboard; name = Base; path = Base.lproj/Main.storyboard; sourceTree = "<group>"; };
		B6B030932C2CF37B00BDEC48 /* Assets.xcassets */ = {isa = PBXFileReference; lastKnownFileType = folder.assetcatalog; path = Assets.xcassets; sourceTree = "<group>"; };
		B6B030962C2CF37B00BDEC48 /* Base */ = {isa = PBXFileReference; lastKnownFileType = file.storyboard; name = Base; path = Base.lproj/LaunchScreen.storyboard; sourceTree = "<group>"; };
		B6B030982C2CF37B00BDEC48 /* Info.plist */ = {isa = PBXFileReference; lastKnownFileType = text.plist.xml; path = Info.plist; sourceTree = "<group>"; };
		B6B030992C2CF37B00BDEC48 /* main.m */ = {isa = PBXFileReference; lastKnownFileType = sourcecode.c.objc; path = main.m; sourceTree = "<group>"; };
		B6B030C12C2CFBA500BDEC48 /* SubViewController.h */ = {isa = PBXFileReference; lastKnownFileType = sourcecode.c.h; path = SubViewController.h; sourceTree = "<group>"; };
		B6B030C22C2CFBA500BDEC48 /* SubViewController.m */ = {isa = PBXFileReference; lastKnownFileType = sourcecode.c.objc; path = SubViewController.m; sourceTree = "<group>"; };
/* End PBXFileReference section */

/* Begin PBXFrameworksBuildPhase section */
		B6B030812C2CF37700BDEC48 /* Frameworks */ = {
			isa = PBXFrameworksBuildPhase;
			buildActionMask = 2147483647;
			files = (
				5DC7DE612EE91862002C6D94 /* unisizeSDK in Frameworks */,
			);
			runOnlyForDeploymentPostprocessing = 0;
		};
/* End PBXFrameworksBuildPhase section */

/* Begin PBXGroup section */
		B6B0307B2C2CF37700BDEC48 = {
			isa = PBXGroup;
			children = (
				B6B030862C2CF37700BDEC48 /* unisizeSDK Sample App ObjectiveC */,
				B6B030852C2CF37700BDEC48 /* Products */,
				B6B030BC2C2CF78F00BDEC48 /* Frameworks */,
			);
			sourceTree = "<group>";
		};
		B6B030852C2CF37700BDEC48 /* Products */ = {
			isa = PBXGroup;
			children = (
				B6B030842C2CF37700BDEC48 /* unisizeSDK Sample App ObjectiveC.app */,
			);
			name = Products;
			sourceTree = "<group>";
		};
		B6B030862C2CF37700BDEC48 /* unisizeSDK Sample App ObjectiveC */ = {
			isa = PBXGroup;
			children = (
				B6B030872C2CF37700BDEC48 /* AppDelegate.h */,
				B6B030882C2CF37700BDEC48 /* AppDelegate.m */,
				B6B0308A2C2CF37700BDEC48 /* SceneDelegate.h */,
				B6B0308B2C2CF37700BDEC48 /* SceneDelegate.m */,
				B6B0308D2C2CF37700BDEC48 /* ViewController.h */,
				B6B0308E2C2CF37700BDEC48 /* ViewController.m */,
				B6B030C12C2CFBA500BDEC48 /* SubViewController.h */,
				B6B030C22C2CFBA500BDEC48 /* SubViewController.m */,
				B6B030902C2CF37700BDEC48 /* Main.storyboard */,
				B6B030932C2CF37B00BDEC48 /* Assets.xcassets */,
				B6B030952C2CF37B00BDEC48 /* LaunchScreen.storyboard */,
				B6B030982C2CF37B00BDEC48 /* Info.plist */,
				B6B030992C2CF37B00BDEC48 /* main.m */,
			);
			path = "unisizeSDK Sample App ObjectiveC";
			sourceTree = "<group>";
		};
		B6B030BC2C2CF78F00BDEC48 /* Frameworks */ = {
			isa = PBXGroup;
			children = (
			);
			name = Frameworks;
			sourceTree = "<group>";
		};
/* End PBXGroup section */

/* Begin PBXNativeTarget section */
		B6B030832C2CF37700BDEC48 /* unisizeSDK Sample App ObjectiveC */ = {
			isa = PBXNativeTarget;
			buildConfigurationList = B6B030B32C2CF37B00BDEC48 /* Build configuration list for PBXNativeTarget "unisizeSDK Sample App ObjectiveC" */;
			buildPhases = (
				B6B030802C2CF37700BDEC48 /* Sources */,
				B6B030812C2CF37700BDEC48 /* Frameworks */,
				B6B030822C2CF37700BDEC48 /* Resources */,
				B68438F32C479FC90027105C /* Embed Frameworks */,
			);
			buildRules = (
			);
			dependencies = (
			);
			name = "unisizeSDK Sample App ObjectiveC";
			packageProductDependencies = (
				5DC7DE602EE91862002C6D94 /* unisizeSDK */,
			);
			productName = "unisizeSDK Sample App ObjectiveC";
			productReference = B6B030842C2CF37700BDEC48 /* unisizeSDK Sample App ObjectiveC.app */;
			productType = "com.apple.product-type.application";
		};
/* End PBXNativeTarget section */

/* Begin PBXProject section */
		B6B0307C2C2CF37700BDEC48 /* Project object */ = {
			isa = PBXProject;
			attributes = {
				BuildIndependentTargetsInParallel = 1;
				LastUpgradeCheck = 1540;
				TargetAttributes = {
					B6B030832C2CF37700BDEC48 = {
						CreatedOnToolsVersion = 15.4;
					};
				};
			};
			buildConfigurationList = B6B0307F2C2CF37700BDEC48 /* Build configuration list for PBXProject "unisizeSDK Sample App ObjectiveC" */;
			compatibilityVersion = "Xcode 14.0";
			developmentRegion = en;
			hasScannedForEncodings = 0;
			knownRegions = (
				en,
				Base,
			);
			mainGroup = B6B0307B2C2CF37700BDEC48;
			packageReferences = (
				5DC7DE5F2EE91862002C6D94 /* XCRemoteSwiftPackageReference "unisize-sdk-ios" */,
			);
			productRefGroup = B6B030852C2CF37700BDEC48 /* Products */;
			projectDirPath = "";
			projectRoot = "";
			targets = (
				B6B030832C2CF37700BDEC48 /* unisizeSDK Sample App ObjectiveC */,
			);
		};
/* End PBXProject section */

/* Begin PBXResourcesBuildPhase section */
		B6B030822C2CF37700BDEC48 /* Resources */ = {
			isa = PBXResourcesBuildPhase;
			buildActionMask = 2147483647;
			files = (
				B6B030942C2CF37B00BDEC48 /* Assets.xcassets in Resources */,
				B6B030972C2CF37B00BDEC48 /* Base in Resources */,
				B6B030922C2CF37700BDEC48 /* Base in Resources */,
			);
			runOnlyForDeploymentPostprocessing = 0;
		};
/* End PBXResourcesBuildPhase section */

/* Begin PBXSourcesBuildPhase section */
		B6B030802C2CF37700BDEC48 /* Sources */ = {
			isa = PBXSourcesBuildPhase;
			buildActionMask = 2147483647;
			files = (
				B6B030C32C2CFBA500BDEC48 /* SubViewController.m in Sources */,
				B6B0308F2C2CF37700BDEC48 /* ViewController.m in Sources */,
				B6B030892C2CF37700BDEC48 /* AppDelegate.m in Sources */,
				B6B0309A2C2CF37B00BDEC48 /* main.m in Sources */,
				B6B0308C2C2CF37700BDEC48 /* SceneDelegate.m in Sources */,
			);
			runOnlyForDeploymentPostprocessing = 0;
		};
/* End PBXSourcesBuildPhase section */

/* Begin PBXVariantGroup section */
		B6B030902C2CF37700BDEC48 /* Main.storyboard */ = {
			isa = PBXVariantGroup;
			children = (
				B6B030912C2CF37700BDEC48 /* Base */,
			);
			name = Main.storyboard;
			sourceTree = "<group>";
		};
		B6B030952C2CF37B00BDEC48 /* LaunchScreen.storyboard */ = {
			isa = PBXVariantGroup;
			children = (
				B6B030962C2CF37B00BDEC48 /* Base */,
			);
			name = LaunchScreen.storyboard;
			sourceTree = "<group>";
		};
/* End PBXVariantGroup section */

/* Begin XCBuildConfiguration section */
		B6B030B12C2CF37B00BDEC48 /* Debug */ = {
			isa = XCBuildConfiguration;
			buildSettings = {
				ALWAYS_SEARCH_USER_PATHS = NO;
				ASSETCATALOG_COMPILER_GENERATE_SWIFT_ASSET_SYMBOL_EXTENSIONS = YES;
				CLANG_ANALYZER_NONNULL = YES;
				CLANG_ANALYZER_NUMBER_OBJECT_CONVERSION = YES_AGGRESSIVE;
				CLANG_CXX_LANGUAGE_STANDARD = "gnu++20";
				CLANG_ENABLE_MODULES = YES;
				CLANG_ENABLE_OBJC_ARC = YES;
				CLANG_ENABLE_OBJC_WEAK = YES;
				CLANG_WARN_BLOCK_CAPTURE_AUTORELEASING = YES;
				CLANG_WARN_BOOL_CONVERSION = YES;
				CLANG_WARN_COMMA = YES;
				CLANG_WARN_CONSTANT_CONVERSION = YES;
				CLANG_WARN_DEPRECATED_OBJC_IMPLEMENTATIONS = YES;
				CLANG_WARN_DIRECT_OBJC_ISA_USAGE = YES_ERROR;
				CLANG_WARN_DOCUMENTATION_COMMENTS = YES;
				CLANG_WARN_EMPTY_BODY = YES;
				CLANG_WARN_ENUM_CONVERSION = YES;
				CLANG_WARN_INFINITE_RECURSION = YES;
				CLANG_WARN_INT_CONVERSION = YES;
				CLANG_WARN_NON_LITERAL_NULL_CONVERSION = YES;
				CLANG_WARN_OBJC_IMPLICIT_RETAIN_SELF = YES;
				CLANG_WARN_OBJC_LITERAL_CONVERSION = YES;
				CLANG_WARN_OBJC_ROOT_CLASS = YES_ERROR;
				CLANG_WARN_QUOTED_INCLUDE_IN_FRAMEWORK_HEADER = YES;
				CLANG_WARN_RANGE_LOOP_ANALYSIS = YES;
				CLANG_WARN_STRICT_PROTOTYPES = YES;
				CLANG_WARN_SUSPICIOUS_MOVE = YES;
				CLANG_WARN_UNGUARDED_AVAILABILITY = YES_AGGRESSIVE;
				CLANG_WARN_UNREACHABLE_CODE = YES;
				CLANG_WARN__DUPLICATE_METHOD_MATCH = YES;
				COPY_PHASE_STRIP = NO;
				DEBUG_INFORMATION_FORMAT = dwarf;
				ENABLE_STRICT_OBJC_MSGSEND = YES;
				ENABLE_TESTABILITY = YES;
				ENABLE_USER_SCRIPT_SANDBOXING = YES;
				GCC_C_LANGUAGE_STANDARD = gnu17;
				GCC_DYNAMIC_NO_PIC = NO;
				GCC_NO_COMMON_BLOCKS = YES;
				GCC_OPTIMIZATION_LEVEL = 0;
				GCC_PREPROCESSOR_DEFINITIONS = (
					"DEBUG=1",
					"$(inherited)",
				);
				GCC_WARN_64_TO_32_BIT_CONVERSION = YES;
				GCC_WARN_ABOUT_RETURN_TYPE = YES_ERROR;
				GCC_WARN_UNDECLARED_SELECTOR = YES;
				GCC_WARN_UNINITIALIZED_AUTOS = YES_AGGRESSIVE;
				GCC_WARN_UNUSED_FUNCTION = YES;
				GCC_WARN_UNUSED_VARIABLE = YES;
				IPHONEOS_DEPLOYMENT_TARGET = 17.5;
				LOCALIZATION_PREFERS_STRING_CATALOGS = YES;
				MTL_ENABLE_DEBUG_INFO = INCLUDE_SOURCE;
				MTL_FAST_MATH = YES;
				ONLY_ACTIVE_ARCH = YES;
				SDKROOT = iphoneos;
			};
			name = Debug;
		};
		B6B030B22C2CF37B00BDEC48 /* Release */ = {
			isa = XCBuildConfiguration;
			buildSettings = {
				ALWAYS_SEARCH_USER_PATHS = NO;
				ASSETCATALOG_COMPILER_GENERATE_SWIFT_ASSET_SYMBOL_EXTENSIONS = YES;
				CLANG_ANALYZER_NONNULL = YES;
				CLANG_ANALYZER_NUMBER_OBJECT_CONVERSION = YES_AGGRESSIVE;
				CLANG_CXX_LANGUAGE_STANDARD = "gnu++20";
				CLANG_ENABLE_MODULES = YES;
				CLANG_ENABLE_OBJC_ARC = YES;
				CLANG_ENABLE_OBJC_WEAK = YES;
				CLANG_WARN_BLOCK_CAPTURE_AUTORELEASING = YES;
				CLANG_WARN_BOOL_CONVERSION = YES;
				CLANG_WARN_COMMA = YES;
				CLANG_WARN_CONSTANT_CONVERSION = YES;
				CLANG_WARN_DEPRECATED_OBJC_IMPLEMENTATIONS = YES;
				CLANG_WARN_DIRECT_OBJC_ISA_USAGE = YES_ERROR;
				CLANG_WARN_DOCUMENTATION_COMMENTS = YES;
				CLANG_WARN_EMPTY_BODY = YES;
				CLANG_WARN_ENUM_CONVERSION = YES;
				CLANG_WARN_INFINITE_RECURSION = YES;
				CLANG_WARN_INT_CONVERSION = YES;
				CLANG_WARN_NON_LITERAL_NULL_CONVERSION = YES;
				CLANG_WARN_OBJC_IMPLICIT_RETAIN_SELF = YES;
				CLANG_WARN_OBJC_LITERAL_CONVERSION = YES;
				CLANG_WARN_OBJC_ROOT_CLASS = YES_ERROR;
				CLANG_WARN_QUOTED_INCLUDE_IN_FRAMEWORK_HEADER = YES;
				CLANG_WARN_RANGE_LOOP_ANALYSIS = YES;
				CLANG_WARN_STRICT_PROTOTYPES = YES;
				CLANG_WARN_SUSPICIOUS_MOVE = YES;
				CLANG_WARN_UNGUARDED_AVAILABILITY = YES_AGGRESSIVE;
				CLANG_WARN_UNREACHABLE_CODE = YES;
				CLANG_WARN__DUPLICATE_METHOD_MATCH = YES;
				COPY_PHASE_STRIP = NO;
				DEBUG_INFORMATION_FORMAT = "dwarf-with-dsym";
				ENABLE_NS_ASSERTIONS = NO;
				ENABLE_STRICT_OBJC_MSGSEND = YES;
				ENABLE_USER_SCRIPT_SANDBOXING = YES;
				GCC_C_LANGUAGE_STANDARD = gnu17;
				GCC_NO_COMMON_BLOCKS = YES;
				GCC_WARN_64_TO_32_BIT_CONVERSION = YES;
				GCC_WARN_ABOUT_RETURN_TYPE = YES_ERROR;
				GCC_WARN_UNDECLARED_SELECTOR = YES;
				GCC_WARN_UNINITIALIZED_AUTOS = YES_AGGRESSIVE;
				GCC_WARN_UNUSED_FUNCTION = YES;
				GCC_WARN_UNUSED_VARIABLE = YES;
				IPHONEOS_DEPLOYMENT_TARGET = 17.5;
				LOCALIZATION_PREFERS_STRING_CATALOGS = YES;
				MTL_ENABLE_DEBUG_INFO = NO;
				MTL_FAST_MATH = YES;
				SDKROOT = iphoneos;
				VALIDATE_PRODUCT = YES;
			};
			name = Release;
		};
		B6B030B42C2CF37B00BDEC48 /* Debug */ = {
			isa = XCBuildConfiguration;
			buildSettings = {
				ASSETCATALOG_COMPILER_APPICON_NAME = AppIcon;
				ASSETCATALOG_COMPILER_GLOBAL_ACCENT_COLOR_NAME = AccentColor;
				CODE_SIGN_STYLE = Automatic;
				CURRENT_PROJECT_VERSION = 1;
				DEVELOPMENT_TEAM = "";
				GENERATE_INFOPLIST_FILE = YES;
				INFOPLIST_FILE = "unisizeSDK Sample App ObjectiveC/Info.plist";
				INFOPLIST_KEY_NSCameraUsageDescription = "このアプリはカメラを使用して写真を撮影します。";
				INFOPLIST_KEY_UIApplicationSupportsIndirectInputEvents = YES;
				INFOPLIST_KEY_UILaunchStoryboardName = LaunchScreen;
				INFOPLIST_KEY_UIMainStoryboardFile = Main;
				INFOPLIST_KEY_UISupportedInterfaceOrientations_iPad = "UIInterfaceOrientationPortrait UIInterfaceOrientationPortraitUpsideDown UIInterfaceOrientationLandscapeLeft UIInterfaceOrientationLandscapeRight";
				INFOPLIST_KEY_UISupportedInterfaceOrientations_iPhone = "UIInterfaceOrientationPortrait UIInterfaceOrientationLandscapeLeft UIInterfaceOrientationLandscapeRight";
				IPHONEOS_DEPLOYMENT_TARGET = 15;
				LD_RUNPATH_SEARCH_PATHS = (
					"$(inherited)",
					"@executable_path/Frameworks",
				);
				MARKETING_VERSION = 2.0.5;
				PRODUCT_BUNDLE_IDENTIFIER = "jp.co.makip.unisizeSDK-Sample-App-ObjectiveC";
				PRODUCT_NAME = "$(TARGET_NAME)";
				SUPPORTED_PLATFORMS = "iphoneos iphonesimulator";
				SUPPORTS_MACCATALYST = NO;
				SUPPORTS_MAC_DESIGNED_FOR_IPHONE_IPAD = NO;
				SUPPORTS_XR_DESIGNED_FOR_IPHONE_IPAD = NO;
				SWIFT_EMIT_LOC_STRINGS = YES;
				TARGETED_DEVICE_FAMILY = "1,2";
			};
			name = Debug;
		};
		B6B030B52C2CF37B00BDEC48 /* Release */ = {
			isa = XCBuildConfiguration;
			buildSettings = {
				ASSETCATALOG_COMPILER_APPICON_NAME = AppIcon;
				ASSETCATALOG_COMPILER_GLOBAL_ACCENT_COLOR_NAME = AccentColor;
				CODE_SIGN_STYLE = Automatic;
				CURRENT_PROJECT_VERSION = 1;
				DEVELOPMENT_TEAM = "";
				GENERATE_INFOPLIST_FILE = YES;
				INFOPLIST_FILE = "unisizeSDK Sample App ObjectiveC/Info.plist";
				INFOPLIST_KEY_NSCameraUsageDescription = "このアプリはカメラを使用して写真を撮影します。";
				INFOPLIST_KEY_UIApplicationSupportsIndirectInputEvents = YES;
				INFOPLIST_KEY_UILaunchStoryboardName = LaunchScreen;
				INFOPLIST_KEY_UIMainStoryboardFile = Main;
				INFOPLIST_KEY_UISupportedInterfaceOrientations_iPad = "UIInterfaceOrientationPortrait UIInterfaceOrientationPortraitUpsideDown UIInterfaceOrientationLandscapeLeft UIInterfaceOrientationLandscapeRight";
				INFOPLIST_KEY_UISupportedInterfaceOrientations_iPhone = "UIInterfaceOrientationPortrait UIInterfaceOrientationLandscapeLeft UIInterfaceOrientationLandscapeRight";
				IPHONEOS_DEPLOYMENT_TARGET = 15;
				LD_RUNPATH_SEARCH_PATHS = (
					"$(inherited)",
					"@executable_path/Frameworks",
				);
				MARKETING_VERSION = 2.0.5;
				PRODUCT_BUNDLE_IDENTIFIER = "jp.co.makip.unisizeSDK-Sample-App-ObjectiveC";
				PRODUCT_NAME = "$(TARGET_NAME)";
				SUPPORTED_PLATFORMS = "iphoneos iphonesimulator";
				SUPPORTS_MACCATALYST = NO;
				SUPPORTS_MAC_DESIGNED_FOR_IPHONE_IPAD = NO;
				SUPPORTS_XR_DESIGNED_FOR_IPHONE_IPAD = NO;
				SWIFT_EMIT_LOC_STRINGS = YES;
				TARGETED_DEVICE_FAMILY = "1,2";
			};
			name = Release;
		};
/* End XCBuildConfiguration section */

/* Begin XCConfigurationList section */
		B6B0307F2C2CF37700BDEC48 /* Build configuration list for PBXProject "unisizeSDK Sample App ObjectiveC" */ = {
			isa = XCConfigurationList;
			buildConfigurations = (
				B6B030B12C2CF37B00BDEC48 /* Debug */,
				B6B030B22C2CF37B00BDEC48 /* Release */,
			);
			defaultConfigurationIsVisible = 0;
			defaultConfigurationName = Release;
		};
		B6B030B32C2CF37B00BDEC48 /* Build configuration list for PBXNativeTarget "unisizeSDK Sample App ObjectiveC" */ = {
			isa = XCConfigurationList;
			buildConfigurations = (
				B6B030B42C2CF37B00BDEC48 /* Debug */,
				B6B030B52C2CF37B00BDEC48 /* Release */,
			);
			defaultConfigurationIsVisible = 0;
			defaultConfigurationName = Release;
		};
/* End XCConfigurationList section */

/* Begin XCRemoteSwiftPackageReference section */
		5DC7DE5F2EE91862002C6D94 /* XCRemoteSwiftPackageReference "unisize-sdk-ios" */ = {
			isa = XCRemoteSwiftPackageReference;
			repositoryURL = "https://github.com/Makip-DevKit/unisize-sdk-ios";
			requirement = {
				kind = upToNextMajorVersion;
				minimumVersion = 2.0.5;
			};
		};
/* End XCRemoteSwiftPackageReference section */

/* Begin XCSwiftPackageProductDependency section */
		5DC7DE602EE91862002C6D94 /* unisizeSDK */ = {
			isa = XCSwiftPackageProductDependency;
			package = 5DC7DE5F2EE91862002C6D94 /* XCRemoteSwiftPackageReference "unisize-sdk-ios" */;
			productName = unisizeSDK;
		};
/* End XCSwiftPackageProductDependency section */
	};
	rootObject = B6B0307C2C2CF37700BDEC48 /* Project object */;
}
