// !$*UTF8*$!
{
	archiveVersion = 1;
	classes = {
	};
	objectVersion = 56;
	objects = {

/* Begin PBXBuildFile section */
		5D2DBE942C32685D00B194F4 /* unisizeSDK_Sample_AppApp.swift in Sources */ = {isa = PBXBuildFile; fileRef = 5D2DBE932C32685D00B194F4 /* unisizeSDK_Sample_AppApp.swift */; };
		5D2DBE962C32685D00B194F4 /* ContentView.swift in Sources */ = {isa = PBXBuildFile; fileRef = 5D2DBE952C32685D00B194F4 /* ContentView.swift */; };
		5D2DBE982C32685D00B194F4 /* Assets.xcassets in Resources */ = {isa = PBXBuildFile; fileRef = 5D2DBE972C32685D00B194F4 /* Assets.xcassets */; };
		5D2DBE9B2C32685D00B194F4 /* Preview Assets.xcassets in Resources */ = {isa = PBXBuildFile; fileRef = 5D2DBE9A2C32685D00B194F4 /* Preview Assets.xcassets */; };
		5DBAFEB82DA39278007FEB57 /* unsizeSDK in Frameworks */ = {isa = PBXBuildFile; productRef = 5DBAFEB72DA39278007FEB57 /* unsizeSDK */; };
		5DC4F9FA2C32854C00D4DB31 /* CVTagTestView.swift in Sources */ = {isa = PBXBuildFile; fileRef = 5DC4F9F92C32854C00D4DB31 /* CVTagTestView.swift */; };
		5DCAB9102D8D481B00104D42 /* UnisizeBannerWebviewRepresentable.swift in Sources */ = {isa = PBXBuildFile; fileRef = 5DCAB90F2D8D481B00104D42 /* UnisizeBannerWebviewRepresentable.swift */; };
/* End PBXBuildFile section */

/* Begin PBXCopyFilesBuildPhase section */
		5DC7D63C2C33FCC200E30C9C /* Embed Frameworks */ = {
			isa = PBXCopyFilesBuildPhase;
			buildActionMask = 2147483647;
			dstPath = "";
			dstSubfolderSpec = 10;
			files = (
			);
			name = "Embed Frameworks";
			runOnlyForDeploymentPostprocessing = 0;
		};
/* End PBXCopyFilesBuildPhase section */

/* Begin PBXFileReference section */
		5D2DBE902C32685D00B194F4 /* unisizeSDK Sample App.app */ = {isa = PBXFileReference; explicitFileType = wrapper.application; includeInIndex = 0; path = "unisizeSDK Sample App.app"; sourceTree = BUILT_PRODUCTS_DIR; };
		5D2DBE932C32685D00B194F4 /* unisizeSDK_Sample_AppApp.swift */ = {isa = PBXFileReference; lastKnownFileType = sourcecode.swift; path = unisizeSDK_Sample_AppApp.swift; sourceTree = "<group>"; };
		5D2DBE952C32685D00B194F4 /* ContentView.swift */ = {isa = PBXFileReference; lastKnownFileType = sourcecode.swift; path = ContentView.swift; sourceTree = "<group>"; };
		5D2DBE972C32685D00B194F4 /* Assets.xcassets */ = {isa = PBXFileReference; lastKnownFileType = folder.assetcatalog; path = Assets.xcassets; sourceTree = "<group>"; };
		5D2DBE9A2C32685D00B194F4 /* Preview Assets.xcassets */ = {isa = PBXFileReference; lastKnownFileType = folder.assetcatalog; path = "Preview Assets.xcassets"; sourceTree = "<group>"; };
		5DC4F9F92C32854C00D4DB31 /* CVTagTestView.swift */ = {isa = PBXFileReference; lastKnownFileType = sourcecode.swift; path = CVTagTestView.swift; sourceTree = "<group>"; };
		5DCAB90F2D8D481B00104D42 /* UnisizeBannerWebviewRepresentable.swift */ = {isa = PBXFileReference; lastKnownFileType = sourcecode.swift; path = UnisizeBannerWebviewRepresentable.swift; sourceTree = "<group>"; };
/* End PBXFileReference section */

/* Begin PBXFrameworksBuildPhase section */
		5D2DBE8D2C32685D00B194F4 /* Frameworks */ = {
			isa = PBXFrameworksBuildPhase;
			buildActionMask = 2147483647;
			files = (
				5DBAFEB82DA39278007FEB57 /* unsizeSDK in Frameworks */,
			);
			runOnlyForDeploymentPostprocessing = 0;
		};
/* End PBXFrameworksBuildPhase section */

/* Begin PBXGroup section */
		5D2DBE872C32685C00B194F4 = {
			isa = PBXGroup;
			children = (
				5D2DBE922C32685D00B194F4 /* unisizeSDK Sample App */,
				5D2DBE912C32685D00B194F4 /* Products */,
				5D2DBEA12C32692900B194F4 /* Frameworks */,
			);
			sourceTree = "<group>";
		};
		5D2DBE912C32685D00B194F4 /* Products */ = {
			isa = PBXGroup;
			children = (
				5D2DBE902C32685D00B194F4 /* unisizeSDK Sample App.app */,
			);
			name = Products;
			sourceTree = "<group>";
		};
		5D2DBE922C32685D00B194F4 /* unisizeSDK Sample App */ = {
			isa = PBXGroup;
			children = (
				5D2DBE932C32685D00B194F4 /* unisizeSDK_Sample_AppApp.swift */,
				5D2DBE952C32685D00B194F4 /* ContentView.swift */,
				5DCAB90F2D8D481B00104D42 /* UnisizeBannerWebviewRepresentable.swift */,
				5DC4F9F92C32854C00D4DB31 /* CVTagTestView.swift */,
				5D2DBE972C32685D00B194F4 /* Assets.xcassets */,
				5D2DBE992C32685D00B194F4 /* Preview Content */,
			);
			path = "unisizeSDK Sample App";
			sourceTree = "<group>";
		};
		5D2DBE992C32685D00B194F4 /* Preview Content */ = {
			isa = PBXGroup;
			children = (
				5D2DBE9A2C32685D00B194F4 /* Preview Assets.xcassets */,
			);
			path = "Preview Content";
			sourceTree = "<group>";
		};
		5D2DBEA12C32692900B194F4 /* Frameworks */ = {
			isa = PBXGroup;
			children = (
			);
			name = Frameworks;
			sourceTree = "<group>";
		};
/* End PBXGroup section */

/* Begin PBXNativeTarget section */
		5D2DBE8F2C32685D00B194F4 /* unisizeSDK Sample App */ = {
			isa = PBXNativeTarget;
			buildConfigurationList = 5D2DBE9E2C32685D00B194F4 /* Build configuration list for PBXNativeTarget "unisizeSDK Sample App" */;
			buildPhases = (
				5D2DBE8C2C32685D00B194F4 /* Sources */,
				5D2DBE8D2C32685D00B194F4 /* Frameworks */,
				5D2DBE8E2C32685D00B194F4 /* Resources */,
				5DC7D63C2C33FCC200E30C9C /* Embed Frameworks */,
			);
			buildRules = (
			);
			dependencies = (
			);
			name = "unisizeSDK Sample App";
			packageProductDependencies = (
				5DBAFEB72DA39278007FEB57 /* unsizeSDK */,
			);
			productName = "unisizeSDK Sample App";
			productReference = 5D2DBE902C32685D00B194F4 /* unisizeSDK Sample App.app */;
			productType = "com.apple.product-type.application";
		};
/* End PBXNativeTarget section */

/* Begin PBXProject section */
		5D2DBE882C32685C00B194F4 /* Project object */ = {
			isa = PBXProject;
			attributes = {
				BuildIndependentTargetsInParallel = 1;
				LastSwiftUpdateCheck = 1520;
				LastUpgradeCheck = 1520;
				TargetAttributes = {
					5D2DBE8F2C32685D00B194F4 = {
						CreatedOnToolsVersion = 15.2;
					};
				};
			};
			buildConfigurationList = 5D2DBE8B2C32685C00B194F4 /* Build configuration list for PBXProject "unisizeSDK Sample App" */;
			compatibilityVersion = "Xcode 14.0";
			developmentRegion = en;
			hasScannedForEncodings = 0;
			knownRegions = (
				en,
				Base,
			);
			mainGroup = 5D2DBE872C32685C00B194F4;
			packageReferences = (
				5DBAFEB62DA39278007FEB57 /* XCRemoteSwiftPackageReference "unisize-sdk-ios" */,
			);
			productRefGroup = 5D2DBE912C32685D00B194F4 /* Products */;
			projectDirPath = "";
			projectRoot = "";
			targets = (
				5D2DBE8F2C32685D00B194F4 /* unisizeSDK Sample App */,
			);
		};
/* End PBXProject section */

/* Begin PBXResourcesBuildPhase section */
		5D2DBE8E2C32685D00B194F4 /* Resources */ = {
			isa = PBXResourcesBuildPhase;
			buildActionMask = 2147483647;
			files = (
				5D2DBE9B2C32685D00B194F4 /* Preview Assets.xcassets in Resources */,
				5D2DBE982C32685D00B194F4 /* Assets.xcassets in Resources */,
			);
			runOnlyForDeploymentPostprocessing = 0;
		};
/* End PBXResourcesBuildPhase section */

/* Begin PBXSourcesBuildPhase section */
		5D2DBE8C2C32685D00B194F4 /* Sources */ = {
			isa = PBXSourcesBuildPhase;
			buildActionMask = 2147483647;
			files = (
				5DCAB9102D8D481B00104D42 /* UnisizeBannerWebviewRepresentable.swift in Sources */,
				5D2DBE962C32685D00B194F4 /* ContentView.swift in Sources */,
				5D2DBE942C32685D00B194F4 /* unisizeSDK_Sample_AppApp.swift in Sources */,
				5DC4F9FA2C32854C00D4DB31 /* CVTagTestView.swift in Sources */,
			);
			runOnlyForDeploymentPostprocessing = 0;
		};
/* End PBXSourcesBuildPhase section */

/* Begin XCBuildConfiguration section */
		5D2DBE9C2C32685D00B194F4 /* Debug */ = {
			isa = XCBuildConfiguration;
			buildSettings = {
				ALWAYS_SEARCH_USER_PATHS = NO;
				ASSETCATALOG_COMPILER_GENERATE_SWIFT_ASSET_SYMBOL_EXTENSIONS = YES;
				CLANG_ANALYZER_NONNULL = YES;
				CLANG_ANALYZER_NUMBER_OBJECT_CONVERSION = YES_AGGRESSIVE;
				CLANG_CXX_LANGUAGE_STANDARD = "gnu++20";
				CLANG_ENABLE_MODULES = YES;
				CLANG_ENABLE_OBJC_ARC = YES;
				CLANG_ENABLE_OBJC_WEAK = YES;
				CLANG_WARN_BLOCK_CAPTURE_AUTORELEASING = YES;
				CLANG_WARN_BOOL_CONVERSION = YES;
				CLANG_WARN_COMMA = YES;
				CLANG_WARN_CONSTANT_CONVERSION = YES;
				CLANG_WARN_DEPRECATED_OBJC_IMPLEMENTATIONS = YES;
				CLANG_WARN_DIRECT_OBJC_ISA_USAGE = YES_ERROR;
				CLANG_WARN_DOCUMENTATION_COMMENTS = YES;
				CLANG_WARN_EMPTY_BODY = YES;
				CLANG_WARN_ENUM_CONVERSION = YES;
				CLANG_WARN_INFINITE_RECURSION = YES;
				CLANG_WARN_INT_CONVERSION = YES;
				CLANG_WARN_NON_LITERAL_NULL_CONVERSION = YES;
				CLANG_WARN_OBJC_IMPLICIT_RETAIN_SELF = YES;
				CLANG_WARN_OBJC_LITERAL_CONVERSION = YES;
				CLANG_WARN_OBJC_ROOT_CLASS = YES_ERROR;
				CLANG_WARN_QUOTED_INCLUDE_IN_FRAMEWORK_HEADER = YES;
				CLANG_WARN_RANGE_LOOP_ANALYSIS = YES;
				CLANG_WARN_STRICT_PROTOTYPES = YES;
				CLANG_WARN_SUSPICIOUS_MOVE = YES;
				CLANG_WARN_UNGUARDED_AVAILABILITY = YES_AGGRESSIVE;
				CLANG_WARN_UNREACHABLE_CODE = YES;
				CLANG_WARN__DUPLICATE_METHOD_MATCH = YES;
				COPY_PHASE_STRIP = NO;
				DEBUG_INFORMATION_FORMAT = dwarf;
				ENABLE_STRICT_OBJC_MSGSEND = YES;
				ENABLE_TESTABILITY = YES;
				ENABLE_USER_SCRIPT_SANDBOXING = YES;
				GCC_C_LANGUAGE_STANDARD = gnu17;
				GCC_DYNAMIC_NO_PIC = NO;
				GCC_NO_COMMON_BLOCKS = YES;
				GCC_OPTIMIZATION_LEVEL = 0;
				GCC_PREPROCESSOR_DEFINITIONS = (
					"DEBUG=1",
					"$(inherited)",
				);
				GCC_WARN_64_TO_32_BIT_CONVERSION = YES;
				GCC_WARN_ABOUT_RETURN_TYPE = YES_ERROR;
				GCC_WARN_UNDECLARED_SELECTOR = YES;
				GCC_WARN_UNINITIALIZED_AUTOS = YES_AGGRESSIVE;
				GCC_WARN_UNUSED_FUNCTION = YES;
				GCC_WARN_UNUSED_VARIABLE = YES;
				IPHONEOS_DEPLOYMENT_TARGET = 16;
				LOCALIZATION_PREFERS_STRING_CATALOGS = YES;
				MTL_ENABLE_DEBUG_INFO = INCLUDE_SOURCE;
				MTL_FAST_MATH = YES;
				ONLY_ACTIVE_ARCH = YES;
				SDKROOT = iphoneos;
				SWIFT_ACTIVE_COMPILATION_CONDITIONS = "DEBUG $(inherited)";
				SWIFT_OPTIMIZATION_LEVEL = "-Onone";
			};
			name = Debug;
		};
		5D2DBE9D2C32685D00B194F4 /* Release */ = {
			isa = XCBuildConfiguration;
			buildSettings = {
				ALWAYS_SEARCH_USER_PATHS = NO;
				ASSETCATALOG_COMPILER_GENERATE_SWIFT_ASSET_SYMBOL_EXTENSIONS = YES;
				CLANG_ANALYZER_NONNULL = YES;
				CLANG_ANALYZER_NUMBER_OBJECT_CONVERSION = YES_AGGRESSIVE;
				CLANG_CXX_LANGUAGE_STANDARD = "gnu++20";
				CLANG_ENABLE_MODULES = YES;
				CLANG_ENABLE_OBJC_ARC = YES;
				CLANG_ENABLE_OBJC_WEAK = YES;
				CLANG_WARN_BLOCK_CAPTURE_AUTORELEASING = YES;
				CLANG_WARN_BOOL_CONVERSION = YES;
				CLANG_WARN_COMMA = YES;
				CLANG_WARN_CONSTANT_CONVERSION = YES;
				CLANG_WARN_DEPRECATED_OBJC_IMPLEMENTATIONS = YES;
				CLANG_WARN_DIRECT_OBJC_ISA_USAGE = YES_ERROR;
				CLANG_WARN_DOCUMENTATION_COMMENTS = YES;
				CLANG_WARN_EMPTY_BODY = YES;
				CLANG_WARN_ENUM_CONVERSION = YES;
				CLANG_WARN_INFINITE_RECURSION = YES;
				CLANG_WARN_INT_CONVERSION = YES;
				CLANG_WARN_NON_LITERAL_NULL_CONVERSION = YES;
				CLANG_WARN_OBJC_IMPLICIT_RETAIN_SELF = YES;
				CLANG_WARN_OBJC_LITERAL_CONVERSION = YES;
				CLANG_WARN_OBJC_ROOT_CLASS = YES_ERROR;
				CLANG_WARN_QUOTED_INCLUDE_IN_FRAMEWORK_HEADER = YES;
				CLANG_WARN_RANGE_LOOP_ANALYSIS = YES;
				CLANG_WARN_STRICT_PROTOTYPES = YES;
				CLANG_WARN_SUSPICIOUS_MOVE = YES;
				CLANG_WARN_UNGUARDED_AVAILABILITY = YES_AGGRESSIVE;
				CLANG_WARN_UNREACHABLE_CODE = YES;
				CLANG_WARN__DUPLICATE_METHOD_MATCH = YES;
				COPY_PHASE_STRIP = NO;
				DEBUG_INFORMATION_FORMAT = "dwarf-with-dsym";
				ENABLE_NS_ASSERTIONS = NO;
				ENABLE_STRICT_OBJC_MSGSEND = YES;
				ENABLE_USER_SCRIPT_SANDBOXING = YES;
				GCC_C_LANGUAGE_STANDARD = gnu17;
				GCC_NO_COMMON_BLOCKS = YES;
				GCC_WARN_64_TO_32_BIT_CONVERSION = YES;
				GCC_WARN_ABOUT_RETURN_TYPE = YES_ERROR;
				GCC_WARN_UNDECLARED_SELECTOR = YES;
				GCC_WARN_UNINITIALIZED_AUTOS = YES_AGGRESSIVE;
				GCC_WARN_UNUSED_FUNCTION = YES;
				GCC_WARN_UNUSED_VARIABLE = YES;
				IPHONEOS_DEPLOYMENT_TARGET = 16;
				LOCALIZATION_PREFERS_STRING_CATALOGS = YES;
				MTL_ENABLE_DEBUG_INFO = NO;
				MTL_FAST_MATH = YES;
				SDKROOT = iphoneos;
				SWIFT_COMPILATION_MODE = wholemodule;
				VALIDATE_PRODUCT = YES;
			};
			name = Release;
		};
		5D2DBE9F2C32685D00B194F4 /* Debug */ = {
			isa = XCBuildConfiguration;
			buildSettings = {
				ASSETCATALOG_COMPILER_APPICON_NAME = AppIcon;
				ASSETCATALOG_COMPILER_GLOBAL_ACCENT_COLOR_NAME = AccentColor;
				CODE_SIGN_IDENTITY = "Apple Development";
				CODE_SIGN_STYLE = Automatic;
				CURRENT_PROJECT_VERSION = 1;
				DEVELOPMENT_ASSET_PATHS = "\"unisizeSDK Sample App/Preview Content\"";
				DEVELOPMENT_TEAM = "";
				ENABLE_PREVIEWS = YES;
				GENERATE_INFOPLIST_FILE = YES;
				INFOPLIST_KEY_LSApplicationCategoryType = "";
				INFOPLIST_KEY_NSCameraUsageDescription = "このアプリはカメラを使用して写真を撮影します。";
				INFOPLIST_KEY_UIApplicationSceneManifest_Generation = YES;
				INFOPLIST_KEY_UIApplicationSupportsIndirectInputEvents = YES;
				INFOPLIST_KEY_UILaunchScreen_Generation = YES;
				INFOPLIST_KEY_UISupportedInterfaceOrientations_iPad = "UIInterfaceOrientationPortrait UIInterfaceOrientationPortraitUpsideDown UIInterfaceOrientationLandscapeLeft UIInterfaceOrientationLandscapeRight";
				INFOPLIST_KEY_UISupportedInterfaceOrientations_iPhone = "UIInterfaceOrientationPortrait UIInterfaceOrientationLandscapeLeft UIInterfaceOrientationLandscapeRight";
				IPHONEOS_DEPLOYMENT_TARGET = 16;
				LD_RUNPATH_SEARCH_PATHS = (
					"$(inherited)",
					"@executable_path/Frameworks",
				);
				MARKETING_VERSION = 2.0;
				PRODUCT_BUNDLE_IDENTIFIER = "jp.co.makip.unisizeSDKSampleApp.unisizeSDK-Sample-App-SwiftUI";
				PRODUCT_NAME = "$(TARGET_NAME)";
				PROVISIONING_PROFILE_SPECIFIER = "";
				SUPPORTED_PLATFORMS = "iphoneos iphonesimulator";
				SUPPORTS_MACCATALYST = NO;
				SUPPORTS_MAC_DESIGNED_FOR_IPHONE_IPAD = NO;
				SUPPORTS_XR_DESIGNED_FOR_IPHONE_IPAD = NO;
				SWIFT_EMIT_LOC_STRINGS = YES;
				SWIFT_VERSION = 5.0;
				TARGETED_DEVICE_FAMILY = "1,2";
			};
			name = Debug;
		};
		5D2DBEA02C32685D00B194F4 /* Release */ = {
			isa = XCBuildConfiguration;
			buildSettings = {
				ASSETCATALOG_COMPILER_APPICON_NAME = AppIcon;
				ASSETCATALOG_COMPILER_GLOBAL_ACCENT_COLOR_NAME = AccentColor;
				CODE_SIGN_IDENTITY = "Apple Development";
				CODE_SIGN_STYLE = Automatic;
				CURRENT_PROJECT_VERSION = 1;
				DEVELOPMENT_ASSET_PATHS = "\"unisizeSDK Sample App/Preview Content\"";
				DEVELOPMENT_TEAM = "";
				ENABLE_PREVIEWS = YES;
				GENERATE_INFOPLIST_FILE = YES;
				INFOPLIST_KEY_LSApplicationCategoryType = "";
				INFOPLIST_KEY_NSCameraUsageDescription = "このアプリはカメラを使用して写真を撮影します。";
				INFOPLIST_KEY_UIApplicationSceneManifest_Generation = YES;
				INFOPLIST_KEY_UIApplicationSupportsIndirectInputEvents = YES;
				INFOPLIST_KEY_UILaunchScreen_Generation = YES;
				INFOPLIST_KEY_UISupportedInterfaceOrientations_iPad = "UIInterfaceOrientationPortrait UIInterfaceOrientationPortraitUpsideDown UIInterfaceOrientationLandscapeLeft UIInterfaceOrientationLandscapeRight";
				INFOPLIST_KEY_UISupportedInterfaceOrientations_iPhone = "UIInterfaceOrientationPortrait UIInterfaceOrientationLandscapeLeft UIInterfaceOrientationLandscapeRight";
				IPHONEOS_DEPLOYMENT_TARGET = 16;
				LD_RUNPATH_SEARCH_PATHS = (
					"$(inherited)",
					"@executable_path/Frameworks",
				);
				MARKETING_VERSION = 2.0;
				PRODUCT_BUNDLE_IDENTIFIER = "jp.co.makip.unisizeSDKSampleApp.unisizeSDK-Sample-App-SwiftUI";
				PRODUCT_NAME = "$(TARGET_NAME)";
				PROVISIONING_PROFILE_SPECIFIER = "";
				SUPPORTED_PLATFORMS = "iphoneos iphonesimulator";
				SUPPORTS_MACCATALYST = NO;
				SUPPORTS_MAC_DESIGNED_FOR_IPHONE_IPAD = NO;
				SUPPORTS_XR_DESIGNED_FOR_IPHONE_IPAD = NO;
				SWIFT_EMIT_LOC_STRINGS = YES;
				SWIFT_VERSION = 5.0;
				TARGETED_DEVICE_FAMILY = "1,2";
			};
			name = Release;
		};
/* End XCBuildConfiguration section */

/* Begin XCConfigurationList section */
		5D2DBE8B2C32685C00B194F4 /* Build configuration list for PBXProject "unisizeSDK Sample App" */ = {
			isa = XCConfigurationList;
			buildConfigurations = (
				5D2DBE9C2C32685D00B194F4 /* Debug */,
				5D2DBE9D2C32685D00B194F4 /* Release */,
			);
			defaultConfigurationIsVisible = 0;
			defaultConfigurationName = Release;
		};
		5D2DBE9E2C32685D00B194F4 /* Build configuration list for PBXNativeTarget "unisizeSDK Sample App" */ = {
			isa = XCConfigurationList;
			buildConfigurations = (
				5D2DBE9F2C32685D00B194F4 /* Debug */,
				5D2DBEA02C32685D00B194F4 /* Release */,
			);
			defaultConfigurationIsVisible = 0;
			defaultConfigurationName = Release;
		};
/* End XCConfigurationList section */

/* Begin XCRemoteSwiftPackageReference section */
		5DBAFEB62DA39278007FEB57 /* XCRemoteSwiftPackageReference "unisize-sdk-ios" */ = {
			isa = XCRemoteSwiftPackageReference;
			repositoryURL = "https://github.com/Makip-DevKit/unisize-sdk-ios";
			requirement = {
				kind = upToNextMajorVersion;
				minimumVersion = 2.0.0;
			};
		};
/* End XCRemoteSwiftPackageReference section */

/* Begin XCSwiftPackageProductDependency section */
		5DBAFEB72DA39278007FEB57 /* unsizeSDK */ = {
			isa = XCSwiftPackageProductDependency;
			package = 5DBAFEB62DA39278007FEB57 /* XCRemoteSwiftPackageReference "unisize-sdk-ios" */;
			productName = unsizeSDK;
		};
/* End XCSwiftPackageProductDependency section */
	};
	rootObject = 5D2DBE882C32685C00B194F4 /* Project object */;
}
