{
  "originHash" : "a05f6c4e7c988dfbc6786633ccd1caa9fafd5005ceed91ca5e8d4a3a64bb8f9f",
  "pins" : [
    {
      "identity" : "unisize-sdk-ios",
      "kind" : "remoteSourceControl",
      "location" : "https://github.com/Makip-DevKit/unisize-sdk-ios",
      "state" : {
        "revision" : "d3926bb28238a043367ae61416d4eff77b92b442",
        "version" : "2.0.6"
      }
    }
  ],
  "version" : 3
}
